{
  "nodes": {
    "dagger": {
      "inputs": {
        "nixpkgs": [
          "website",
          "nixpkgs"
        ]
      },
      "locked": {
        "lastModified": 1739370180,
        "narHash": "sha256-Zg72xzAhu29yysTL1Gc/QQnJjsefeCankzqc1CO864E=",
        "ref": "4247e1fcb92981bcad5fec447a2994ea29c8d344",
        "rev": "4247e1fcb92981bcad5fec447a2994ea29c8d344",
        "revCount": 66,
        "type": "git",
        "url": "https://github.com/dagger/nix"
      },
      "original": {
        "ref": "4247e1fcb92981bcad5fec447a2994ea29c8d344",
        "type": "git",
        "url": "https://github.com/dagger/nix"
      }
    },
    "disko": {
      "inputs": {
        "nixpkgs": [
          "nixpkgs"
        ]
      },
      "locked": {
        "lastModified": 1739841949,
        "narHash": "sha256-lSOXdgW/1zi/SSu7xp71v+55D5Egz8ACv0STkj7fhbs=",
        "owner": "nix-community",
        "repo": "disko",
        "rev": "15dbf8cebd8e2655a883b74547108e089f051bf0",
        "type": "github"
      },
      "original": {
        "owner": "nix-community",
        "repo": "disko",
        "type": "github"
      }
    },
    "flake-utils": {
      "inputs": {
        "systems": "systems"
      },
      "locked": {
        "lastModified": 1731533236,
        "narHash": "sha256-l0KFg5HjrsfsO/JpG+r7fRrqm12kzFHyUHqHCVpMMbI=",
        "owner": "numtide",
        "repo": "flake-utils",
        "rev": "11707dc2f618dd54ca8739b309ec4fc024de578b",
        "type": "github"
      },
      "original": {
        "owner": "numtide",
        "repo": "flake-utils",
        "type": "github"
      }
    },
    "nixpkgs": {
      "locked": {
        "lastModified": 1740019556,
        "narHash": "sha256-vn285HxnnlHLWnv59Og7muqECNMS33mWLM14soFIv2g=",
        "owner": "NixOS",
        "repo": "nixpkgs",
        "rev": "dad564433178067be1fbdfcce23b546254b6d641",
        "type": "github"
      },
      "original": {
        "owner": "NixOS",
        "ref": "nixpkgs-unstable",
        "repo": "nixpkgs",
        "type": "github"
      }
    },
    "root": {
      "inputs": {
        "disko": "disko",
        "nixpkgs": "nixpkgs",
        "website": "website"
      }
    },
    "systems": {
      "locked": {
        "lastModified": 1681028828,
        "narHash": "sha256-Vy1rq5AaRuLzOxct8nz4T6wlgyUR7zLU309k9mBC768=",
        "owner": "nix-systems",
        "repo": "default",
        "rev": "da67096a3b9bf56a91d16901293e51ba5b49a27e",
        "type": "github"
      },
      "original": {
        "owner": "nix-systems",
        "repo": "default",
        "type": "github"
      }
    },
    "website": {
      "inputs": {
        "dagger": "dagger",
        "flake-utils": "flake-utils",
        "nixpkgs": [
          "nixpkgs"
        ]
      },
      "locked": {
        "lastModified": 1,
        "narHash": "sha256-iDfb8qajDXpeXCiUQgqPqIqAGg8xKPhTG9/L3lrMoLY=",
        "path": "../www",
        "type": "path"
      },
      "original": {
        "path": "../www",
        "type": "path"
      }
    }
  },
  "root": "root",
  "version": 7
}
